
Microsoft Visual Studio Solution File, Format Version 12.00
# Visual Studio 15
VisualStudioVersion = 15.0.27004.2009
MinimumVisualStudioVersion = 10.0.40219.1
Project("{FAE04EC0-301F-11D3-BF4B-00C04F79EFBC}") = "YouTube Downloader PI", "YouTube Downloader PI\YouTube Downloader PI.csproj", "{C5E2D545-5011-4948-8E8E-95C67E8D9360}"
EndProject
Global
	GlobalSection(SolutionConfigurationPlatforms) = preSolution
		Debug|Any CPU = Debug|Any CPU
		Release|Any CPU = Release|Any CPU
	EndGlobalSection
	GlobalSection(ProjectConfigurationPlatforms) = postSolution
		{C5E2D545-5011-4948-8E8E-95C67E8D9360}.Debug|Any CPU.ActiveCfg = Debug|Any CPU
		{C5E2D545-5011-4948-8E8E-95C67E8D9360}.Debug|Any CPU.Build.0 = Debug|Any CPU
		{C5E2D545-5011-4948-8E8E-95C67E8D9360}.Release|Any CPU.ActiveCfg = Release|Any CPU
		{C5E2D545-5011-4948-8E8E-95C67E8D9360}.Release|Any CPU.Build.0 = Release|Any CPU
	EndGlobalSection
	GlobalSection(SolutionProperties) = preSolution
		HideSolutionNode = FALSE
	EndGlobalSection
	GlobalSection(ExtensibilityGlobals) = postSolution
		SolutionGuid = {2920F9C4-F555-48D7-9ECC-D25F10D66A20}
	EndGlobalSection
EndGlobal
